
Microsoft Visual Studio Solution File, Format Version 12.00
# Visual Studio 15
VisualStudioVersion = 15.0.27703.2042
MinimumVisualStudioVersion = 10.0.40219.1
Project("{FAE04EC0-301F-11D3-BF4B-00C04F79EFBC}") = "ApiToProject", "ApiToProject\ApiToProject.csproj", "{55070BA0-57F7-4F94-9ED5-093FB2D69D07}"
EndProject
Global
	GlobalSection(SolutionConfigurationPlatforms) = preSolution
		Debug|Any CPU = Debug|Any CPU
		Release|Any CPU = Release|Any CPU
	EndGlobalSection
	GlobalSection(ProjectConfigurationPlatforms) = postSolution
		{55070BA0-57F7-4F94-9ED5-093FB2D69D07}.Debug|Any CPU.ActiveCfg = Debug|Any CPU
		{55070BA0-57F7-4F94-9ED5-093FB2D69D07}.Debug|Any CPU.Build.0 = Debug|Any CPU
		{55070BA0-57F7-4F94-9ED5-093FB2D69D07}.Release|Any CPU.ActiveCfg = Release|Any CPU
		{55070BA0-57F7-4F94-9ED5-093FB2D69D07}.Release|Any CPU.Build.0 = Release|Any CPU
	EndGlobalSection
	GlobalSection(SolutionProperties) = preSolution
		HideSolutionNode = FALSE
	EndGlobalSection
	GlobalSection(ExtensibilityGlobals) = postSolution
		SolutionGuid = {3B3BFE87-D9FE-46A1-A330-FCDD495ACB21}
	EndGlobalSection
EndGlobal
